
Microsoft Visual Studio Solution File, Format Version 12.00
# Visual Studio Version 17
VisualStudioVersion = 17.0.31903.59
MinimumVisualStudioVersion = 10.0.40219.1
Project("{2150E333-8FDC-42A3-9474-1A3956D46DE8}") = "src", "src", "{FC3D2EE9-6349-4D6D-A11B-00C15B139575}"
EndProject
Project("{FAE04EC0-301F-11D3-BF4B-00C04F79EFBC}") = "MusicBrainz.Api", "src\MusicBrainz.Api\MusicBrainz.Api.csproj", "{6CA48616-920A-41FD-A4BF-A9B959BA500E}"
EndProject
Project("{FAE04EC0-301F-11D3-BF4B-00C04F79EFBC}") = "MusicBrainz.Core", "src\MusicBrainz.Core\MusicBrainz.Core.csproj", "{61E0D376-5DB4-4882-8F31-607E409F6C01}"
EndProject
Global
	GlobalSection(SolutionConfigurationPlatforms) = preSolution
		Debug|Any CPU = Debug|Any CPU
		Release|Any CPU = Release|Any CPU
	EndGlobalSection
	GlobalSection(ProjectConfigurationPlatforms) = postSolution
		{6CA48616-920A-41FD-A4BF-A9B959BA500E}.Debug|Any CPU.ActiveCfg = Debug|Any CPU
		{6CA48616-920A-41FD-A4BF-A9B959BA500E}.Debug|Any CPU.Build.0 = Debug|Any CPU
		{6CA48616-920A-41FD-A4BF-A9B959BA500E}.Release|Any CPU.ActiveCfg = Release|Any CPU
		{6CA48616-920A-41FD-A4BF-A9B959BA500E}.Release|Any CPU.Build.0 = Release|Any CPU
		{61E0D376-5DB4-4882-8F31-607E409F6C01}.Debug|Any CPU.ActiveCfg = Debug|Any CPU
		{61E0D376-5DB4-4882-8F31-607E409F6C01}.Debug|Any CPU.Build.0 = Debug|Any CPU
		{61E0D376-5DB4-4882-8F31-607E409F6C01}.Release|Any CPU.ActiveCfg = Release|Any CPU
		{61E0D376-5DB4-4882-8F31-607E409F6C01}.Release|Any CPU.Build.0 = Release|Any CPU
	EndGlobalSection
	GlobalSection(SolutionProperties) = preSolution
		HideSolutionNode = FALSE
	EndGlobalSection
	GlobalSection(NestedProjects) = preSolution
		{6CA48616-920A-41FD-A4BF-A9B959BA500E} = {FC3D2EE9-6349-4D6D-A11B-00C15B139575}
		{61E0D376-5DB4-4882-8F31-607E409F6C01} = {FC3D2EE9-6349-4D6D-A11B-00C15B139575}
	EndGlobalSection
	GlobalSection(ExtensibilityGlobals) = postSolution
		SolutionGuid = {DF14AAE7-C78B-4F6F-9F27-940F0B59C22C}
	EndGlobalSection
EndGlobal
